{
  "originHash" : "135d5f5535b7252244f65a400686892320346aece72b5084420219a9abeb20b8",
  "pins" : [
    {
      "identity" : "corenetwork",
      "kind" : "remoteSourceControl",
      "location" : "https://github.com/andersonmoliveira/CoreNetwork",
      "state" : {
        "revision" : "9961b464c4583aeec53d7598f4f45a57930f78dd",
        "version" : "1.0.1"
      }
    },
    {
      "identity" : "coreuikit",
      "kind" : "remoteSourceControl",
      "location" : "https://github.com/andersonmoliveira/CoreUIKit",
      "state" : {
        "revision" : "43dfbc083cc6c863868b7d536926138ac606d3d6",
        "version" : "1.0.2"
      }
    }
  ],
  "version" : 3
}
